
Microsoft Visual Studio Solution File, Format Version 12.00
# Visual Studio 15
VisualStudioVersion = 15.0.28307.572
MinimumVisualStudioVersion = 10.0.40219.1
Project("{FAE04EC0-301F-11D3-BF4B-00C04F79EFBC}") = "DemoCore", "DemoCore.csproj", "{B475C12B-80F9-4BC0-88E5-815C88593BEE}"
EndProject
Global
	GlobalSection(SolutionConfigurationPlatforms) = preSolution
		Debug|Any CPU = Debug|Any CPU
		Release|Any CPU = Release|Any CPU
	EndGlobalSection
	GlobalSection(ProjectConfigurationPlatforms) = postSolution
		{B475C12B-80F9-4BC0-88E5-815C88593BEE}.Debug|Any CPU.ActiveCfg = Debug|Any CPU
		{B475C12B-80F9-4BC0-88E5-815C88593BEE}.Debug|Any CPU.Build.0 = Debug|Any CPU
		{B475C12B-80F9-4BC0-88E5-815C88593BEE}.Release|Any CPU.ActiveCfg = Release|Any CPU
		{B475C12B-80F9-4BC0-88E5-815C88593BEE}.Release|Any CPU.Build.0 = Release|Any CPU
	EndGlobalSection
	GlobalSection(SolutionProperties) = preSolution
		HideSolutionNode = FALSE
	EndGlobalSection
	GlobalSection(ExtensibilityGlobals) = postSolution
		SolutionGuid = {1DFD8EDE-96F6-43DF-8139-87DF5C65EBE6}
	EndGlobalSection
EndGlobal
